
Microsoft Visual Studio Solution File, Format Version 12.00
# Visual Studio 15
VisualStudioVersion = 15.0.26730.16
MinimumVisualStudioVersion = 10.0.40219.1
Project("{FAE04EC0-301F-11D3-BF4B-00C04F79EFBC}") = "StrategyLib", "StrategyLib\StrategyLib.csproj", "{E0F96E17-9627-49CD-BD78-68BBFA2199AE}"
EndProject
Project("{FAE04EC0-301F-11D3-BF4B-00C04F79EFBC}") = "TestApp", "TestApp\TestApp.csproj", "{2D11A9F6-C422-4AED-B580-3648157136C2}"
EndProject
Project("{FAE04EC0-301F-11D3-BF4B-00C04F79EFBC}") = "InputTool", "InputTool\InputTool.csproj", "{E6DD941C-49DF-4091-BA4A-E5E7D3DBFED5}"
EndProject
Global
	GlobalSection(SolutionConfigurationPlatforms) = preSolution
		Debug|Any CPU = Debug|Any CPU
		Release|Any CPU = Release|Any CPU
	EndGlobalSection
	GlobalSection(ProjectConfigurationPlatforms) = postSolution
		{E0F96E17-9627-49CD-BD78-68BBFA2199AE}.Debug|Any CPU.ActiveCfg = Debug|Any CPU
		{E0F96E17-9627-49CD-BD78-68BBFA2199AE}.Debug|Any CPU.Build.0 = Debug|Any CPU
		{E0F96E17-9627-49CD-BD78-68BBFA2199AE}.Release|Any CPU.ActiveCfg = Release|Any CPU
		{E0F96E17-9627-49CD-BD78-68BBFA2199AE}.Release|Any CPU.Build.0 = Release|Any CPU
		{2D11A9F6-C422-4AED-B580-3648157136C2}.Debug|Any CPU.ActiveCfg = Debug|Any CPU
		{2D11A9F6-C422-4AED-B580-3648157136C2}.Debug|Any CPU.Build.0 = Debug|Any CPU
		{2D11A9F6-C422-4AED-B580-3648157136C2}.Release|Any CPU.ActiveCfg = Release|Any CPU
		{2D11A9F6-C422-4AED-B580-3648157136C2}.Release|Any CPU.Build.0 = Release|Any CPU
		{E6DD941C-49DF-4091-BA4A-E5E7D3DBFED5}.Debug|Any CPU.ActiveCfg = Debug|Any CPU
		{E6DD941C-49DF-4091-BA4A-E5E7D3DBFED5}.Debug|Any CPU.Build.0 = Debug|Any CPU
		{E6DD941C-49DF-4091-BA4A-E5E7D3DBFED5}.Release|Any CPU.ActiveCfg = Release|Any CPU
		{E6DD941C-49DF-4091-BA4A-E5E7D3DBFED5}.Release|Any CPU.Build.0 = Release|Any CPU
	EndGlobalSection
	GlobalSection(SolutionProperties) = preSolution
		HideSolutionNode = FALSE
	EndGlobalSection
	GlobalSection(ExtensibilityGlobals) = postSolution
		SolutionGuid = {FB13E488-23A0-408A-9A9F-7D7F9CD9988A}
	EndGlobalSection
EndGlobal
